
Microsoft Visual Studio Solution File, Format Version 12.00
# Visual Studio Version 16
VisualStudioVersion = 16.0.29709.97
MinimumVisualStudioVersion = 10.0.40219.1
Project("{FAE04EC0-301F-11D3-BF4B-00C04F79EFBC}") = "Practice_Work_04", "Practice_Work_04\Practice_Work_04.csproj", "{E2108D3B-4011-47E8-BD01-68201669247D}"
EndProject
Global
	GlobalSection(SolutionConfigurationPlatforms) = preSolution
		Debug|Any CPU = Debug|Any CPU
		Release|Any CPU = Release|Any CPU
	EndGlobalSection
	GlobalSection(ProjectConfigurationPlatforms) = postSolution
		{E2108D3B-4011-47E8-BD01-68201669247D}.Debug|Any CPU.ActiveCfg = Debug|Any CPU
		{E2108D3B-4011-47E8-BD01-68201669247D}.Debug|Any CPU.Build.0 = Debug|Any CPU
		{E2108D3B-4011-47E8-BD01-68201669247D}.Release|Any CPU.ActiveCfg = Release|Any CPU
		{E2108D3B-4011-47E8-BD01-68201669247D}.Release|Any CPU.Build.0 = Release|Any CPU
	EndGlobalSection
	GlobalSection(SolutionProperties) = preSolution
		HideSolutionNode = FALSE
	EndGlobalSection
	GlobalSection(ExtensibilityGlobals) = postSolution
		SolutionGuid = {F79F7938-F039-4373-B3B5-FB4D5C5AC638}
	EndGlobalSection
EndGlobal
